
Microsoft Visual Studio Solution File, Format Version 12.00
# Visual Studio Version 17
VisualStudioVersion = 17.14.36518.9 d17.14
MinimumVisualStudioVersion = 10.0.40219.1
Project("{FAE04EC0-301F-11D3-BF4B-00C04F79EFBC}") = "GenetiC#", "GenetiC#.csproj", "{E066AA2C-E9EA-447B-BC12-9139F843B968}"
EndProject
Global
	GlobalSection(SolutionConfigurationPlatforms) = preSolution
		Debug|Any CPU = Debug|Any CPU
		Release|Any CPU = Release|Any CPU
	EndGlobalSection
	GlobalSection(ProjectConfigurationPlatforms) = postSolution
		{E066AA2C-E9EA-447B-BC12-9139F843B968}.Debug|Any CPU.ActiveCfg = Debug|Any CPU
		{E066AA2C-E9EA-447B-BC12-9139F843B968}.Debug|Any CPU.Build.0 = Debug|Any CPU
		{E066AA2C-E9EA-447B-BC12-9139F843B968}.Release|Any CPU.ActiveCfg = Release|Any CPU
		{E066AA2C-E9EA-447B-BC12-9139F843B968}.Release|Any CPU.Build.0 = Release|Any CPU
	EndGlobalSection
	GlobalSection(SolutionProperties) = preSolution
		HideSolutionNode = FALSE
	EndGlobalSection
	GlobalSection(ExtensibilityGlobals) = postSolution
		SolutionGuid = {911D8084-CD32-4130-87FD-01F53EA1334B}
	EndGlobalSection
EndGlobal
